// !$*UTF8*$!
{
	archiveVersion = 1;
	classes = {
	};
	objectVersion = 56;
	objects = {

/* Begin PBXBuildFile section */
		9D274A012C2AC43F005FF14E /* MovieAppSwiftUIApp.swift in Sources */ = {isa = PBXBuildFile; fileRef = 9D274A002C2AC43F005FF14E /* MovieAppSwiftUIApp.swift */; };
		9D274A052C2AC440005FF14E /* Assets.xcassets in Resources */ = {isa = PBXBuildFile; fileRef = 9D274A042C2AC440005FF14E /* Assets.xcassets */; };
		9D274A082C2AC440005FF14E /* Preview Assets.xcassets in Resources */ = {isa = PBXBuildFile; fileRef = 9D274A072C2AC440005FF14E /* Preview Assets.xcassets */; };
		9D274A1C2C2AC440005FF14E /* MovieAppSwiftUIUITests.swift in Sources */ = {isa = PBXBuildFile; fileRef = 9D274A1B2C2AC440005FF14E /* MovieAppSwiftUIUITests.swift */; };
		9D274A1E2C2AC440005FF14E /* MovieAppSwiftUIUITestsLaunchTests.swift in Sources */ = {isa = PBXBuildFile; fileRef = 9D274A1D2C2AC440005FF14E /* MovieAppSwiftUIUITestsLaunchTests.swift */; };
		9D274A2C2C2AC4B1005FF14E /* AppConstants.swift in Sources */ = {isa = PBXBuildFile; fileRef = 9D274A2B2C2AC4B1005FF14E /* AppConstants.swift */; };
		9D274A2F2C2AC4DF005FF14E /* NetworkManager.swift in Sources */ = {isa = PBXBuildFile; fileRef = 9D274A2E2C2AC4DF005FF14E /* NetworkManager.swift */; };
		9D274A322C2AC604005FF14E /* MovieData.swift in Sources */ = {isa = PBXBuildFile; fileRef = 9D274A312C2AC604005FF14E /* MovieData.swift */; };
		9D274A342C2AC624005FF14E /* VideoData.swift in Sources */ = {isa = PBXBuildFile; fileRef = 9D274A332C2AC624005FF14E /* VideoData.swift */; };
		9D274A362C2AC646005FF14E /* OptionsSelection.swift in Sources */ = {isa = PBXBuildFile; fileRef = 9D274A352C2AC646005FF14E /* OptionsSelection.swift */; };
		9D274A392C2ACB25005FF14E /* SuggestedView.swift in Sources */ = {isa = PBXBuildFile; fileRef = 9D274A382C2ACB25005FF14E /* SuggestedView.swift */; };
		9D2E18032C2AE1770089AE5C /* MainView.swift in Sources */ = {isa = PBXBuildFile; fileRef = 9D2E18022C2AE1770089AE5C /* MainView.swift */; };
		9D2E18052C2AE31A0089AE5C /* MainViewModel.swift in Sources */ = {isa = PBXBuildFile; fileRef = 9D2E18042C2AE31A0089AE5C /* MainViewModel.swift */; };
		9D2E180B2C2AECF40089AE5C /* Kingfisher in Frameworks */ = {isa = PBXBuildFile; productRef = 9D2E180A2C2AECF40089AE5C /* Kingfisher */; };
		9D2E180E2C2AEE760089AE5C /* Utils.swift in Sources */ = {isa = PBXBuildFile; fileRef = 9D2E180D2C2AEE760089AE5C /* Utils.swift */; };
		9D2E18102C2AF1430089AE5C /* SingleMovieView.swift in Sources */ = {isa = PBXBuildFile; fileRef = 9D2E180F2C2AF1430089AE5C /* SingleMovieView.swift */; };
		9D2E18122C2B2A4D0089AE5C /* MovieDetailsView.swift in Sources */ = {isa = PBXBuildFile; fileRef = 9D2E18112C2B2A4D0089AE5C /* MovieDetailsView.swift */; };
		9D2E18142C2B2BE40089AE5C /* MovieDetailsViewModel.swift in Sources */ = {isa = PBXBuildFile; fileRef = 9D2E18132C2B2BE40089AE5C /* MovieDetailsViewModel.swift */; };
		9D2E18182C2B2E920089AE5C /* SingleDetailView.swift in Sources */ = {isa = PBXBuildFile; fileRef = 9D2E18172C2B2E920089AE5C /* SingleDetailView.swift */; };
		9D2E181D2C2C3B450089AE5C /* TrailerView.swift in Sources */ = {isa = PBXBuildFile; fileRef = 9D2E181C2C2C3B450089AE5C /* TrailerView.swift */; };
		9D2E181F2C2C40530089AE5C /* TrailerViewModel.swift in Sources */ = {isa = PBXBuildFile; fileRef = 9D2E181E2C2C40530089AE5C /* TrailerViewModel.swift */; };
		9D2E18222C2C44C20089AE5C /* WebView.swift in Sources */ = {isa = PBXBuildFile; fileRef = 9D2E18212C2C44C20089AE5C /* WebView.swift */; };
		9D2E18262C2C59840089AE5C /* ErrorView.swift in Sources */ = {isa = PBXBuildFile; fileRef = 9D2E18252C2C59840089AE5C /* ErrorView.swift */; };
		9D2E18282C2C9FFA0089AE5C /* ShareSheetView.swift in Sources */ = {isa = PBXBuildFile; fileRef = 9D2E18272C2C9FFA0089AE5C /* ShareSheetView.swift */; };
		9D2E182D2C2D5FF30089AE5C /* MovieAppManager.swift in Sources */ = {isa = PBXBuildFile; fileRef = 9D2E182C2C2D5FF30089AE5C /* MovieAppManager.swift */; };
		9D2E182F2C2D6B760089AE5C /* MainViewModelTests.swift in Sources */ = {isa = PBXBuildFile; fileRef = 9D2E182E2C2D6B760089AE5C /* MainViewModelTests.swift */; };
		9D2E18312C2D85FB0089AE5C /* MovieDetailsViewTests.swift in Sources */ = {isa = PBXBuildFile; fileRef = 9D2E18302C2D85FB0089AE5C /* MovieDetailsViewTests.swift */; };
		9D2E18332C2D8D6D0089AE5C /* TrailerViewModelTests.swift in Sources */ = {isa = PBXBuildFile; fileRef = 9D2E18322C2D8D6D0089AE5C /* TrailerViewModelTests.swift */; };
		9D2E18352C2D90540089AE5C /* FetchMoviesProtocolTests.swift in Sources */ = {isa = PBXBuildFile; fileRef = 9D2E18342C2D90540089AE5C /* FetchMoviesProtocolTests.swift */; };
		9D2E18372C2D9D020089AE5C /* GetTrailerProtocolTests.swift in Sources */ = {isa = PBXBuildFile; fileRef = 9D2E18362C2D9D020089AE5C /* GetTrailerProtocolTests.swift */; };
		9D2E18392C2D9EA90089AE5C /* NetworkManagerTests.swift in Sources */ = {isa = PBXBuildFile; fileRef = 9D2E18382C2D9EA90089AE5C /* NetworkManagerTests.swift */; };
		9D2E183B2C2DA07F0089AE5C /* URLSessionProtocol.swift in Sources */ = {isa = PBXBuildFile; fileRef = 9D2E183A2C2DA07F0089AE5C /* URLSessionProtocol.swift */; };
		9D2E183D2C2DA5510089AE5C /* FetchMoviesProtocol.swift in Sources */ = {isa = PBXBuildFile; fileRef = 9D2E183C2C2DA5510089AE5C /* FetchMoviesProtocol.swift */; };
		9D2E183F2C2DA57D0089AE5C /* GetTrailerProtocol.swift in Sources */ = {isa = PBXBuildFile; fileRef = 9D2E183E2C2DA57D0089AE5C /* GetTrailerProtocol.swift */; };
/* End PBXBuildFile section */

/* Begin PBXContainerItemProxy section */
		9D274A0E2C2AC440005FF14E /* PBXContainerItemProxy */ = {
			isa = PBXContainerItemProxy;
			containerPortal = 9D2749F52C2AC43F005FF14E /* Project object */;
			proxyType = 1;
			remoteGlobalIDString = 9D2749FC2C2AC43F005FF14E;
			remoteInfo = MovieAppSwiftUI;
		};
		9D274A182C2AC440005FF14E /* PBXContainerItemProxy */ = {
			isa = PBXContainerItemProxy;
			containerPortal = 9D2749F52C2AC43F005FF14E /* Project object */;
			proxyType = 1;
			remoteGlobalIDString = 9D2749FC2C2AC43F005FF14E;
			remoteInfo = MovieAppSwiftUI;
		};
/* End PBXContainerItemProxy section */

/* Begin PBXFileReference section */
		9D2749FD2C2AC43F005FF14E /* MovieAppSwiftUI.app */ = {isa = PBXFileReference; explicitFileType = wrapper.application; includeInIndex = 0; path = MovieAppSwiftUI.app; sourceTree = BUILT_PRODUCTS_DIR; };
		9D274A002C2AC43F005FF14E /* MovieAppSwiftUIApp.swift */ = {isa = PBXFileReference; lastKnownFileType = sourcecode.swift; path = MovieAppSwiftUIApp.swift; sourceTree = "<group>"; };
		9D274A042C2AC440005FF14E /* Assets.xcassets */ = {isa = PBXFileReference; lastKnownFileType = folder.assetcatalog; path = Assets.xcassets; sourceTree = "<group>"; };
		9D274A072C2AC440005FF14E /* Preview Assets.xcassets */ = {isa = PBXFileReference; lastKnownFileType = folder.assetcatalog; path = "Preview Assets.xcassets"; sourceTree = "<group>"; };
		9D274A0D2C2AC440005FF14E /* MovieAppSwiftUITests.xctest */ = {isa = PBXFileReference; explicitFileType = wrapper.cfbundle; includeInIndex = 0; path = MovieAppSwiftUITests.xctest; sourceTree = BUILT_PRODUCTS_DIR; };
		9D274A172C2AC440005FF14E /* MovieAppSwiftUIUITests.xctest */ = {isa = PBXFileReference; explicitFileType = wrapper.cfbundle; includeInIndex = 0; path = MovieAppSwiftUIUITests.xctest; sourceTree = BUILT_PRODUCTS_DIR; };
		9D274A1B2C2AC440005FF14E /* MovieAppSwiftUIUITests.swift */ = {isa = PBXFileReference; lastKnownFileType = sourcecode.swift; path = MovieAppSwiftUIUITests.swift; sourceTree = "<group>"; };
		9D274A1D2C2AC440005FF14E /* MovieAppSwiftUIUITestsLaunchTests.swift */ = {isa = PBXFileReference; lastKnownFileType = sourcecode.swift; path = MovieAppSwiftUIUITestsLaunchTests.swift; sourceTree = "<group>"; };
		9D274A2B2C2AC4B1005FF14E /* AppConstants.swift */ = {isa = PBXFileReference; lastKnownFileType = sourcecode.swift; path = AppConstants.swift; sourceTree = "<group>"; };
		9D274A2E2C2AC4DF005FF14E /* NetworkManager.swift */ = {isa = PBXFileReference; lastKnownFileType = sourcecode.swift; path = NetworkManager.swift; sourceTree = "<group>"; };
		9D274A312C2AC604005FF14E /* MovieData.swift */ = {isa = PBXFileReference; lastKnownFileType = sourcecode.swift; path = MovieData.swift; sourceTree = "<group>"; };
		9D274A332C2AC624005FF14E /* VideoData.swift */ = {isa = PBXFileReference; lastKnownFileType = sourcecode.swift; path = VideoData.swift; sourceTree = "<group>"; };
		9D274A352C2AC646005FF14E /* OptionsSelection.swift */ = {isa = PBXFileReference; lastKnownFileType = sourcecode.swift; path = OptionsSelection.swift; sourceTree = "<group>"; };
		9D274A382C2ACB25005FF14E /* SuggestedView.swift */ = {isa = PBXFileReference; lastKnownFileType = sourcecode.swift; path = SuggestedView.swift; sourceTree = "<group>"; };
		9D2E18022C2AE1770089AE5C /* MainView.swift */ = {isa = PBXFileReference; lastKnownFileType = sourcecode.swift; path = MainView.swift; sourceTree = "<group>"; };
		9D2E18042C2AE31A0089AE5C /* MainViewModel.swift */ = {isa = PBXFileReference; lastKnownFileType = sourcecode.swift; path = MainViewModel.swift; sourceTree = "<group>"; };
		9D2E180D2C2AEE760089AE5C /* Utils.swift */ = {isa = PBXFileReference; lastKnownFileType = sourcecode.swift; path = Utils.swift; sourceTree = "<group>"; };
		9D2E180F2C2AF1430089AE5C /* SingleMovieView.swift */ = {isa = PBXFileReference; lastKnownFileType = sourcecode.swift; path = SingleMovieView.swift; sourceTree = "<group>"; };
		9D2E18112C2B2A4D0089AE5C /* MovieDetailsView.swift */ = {isa = PBXFileReference; lastKnownFileType = sourcecode.swift; path = MovieDetailsView.swift; sourceTree = "<group>"; };
		9D2E18132C2B2BE40089AE5C /* MovieDetailsViewModel.swift */ = {isa = PBXFileReference; lastKnownFileType = sourcecode.swift; path = MovieDetailsViewModel.swift; sourceTree = "<group>"; };
		9D2E18172C2B2E920089AE5C /* SingleDetailView.swift */ = {isa = PBXFileReference; lastKnownFileType = sourcecode.swift; path = SingleDetailView.swift; sourceTree = "<group>"; };
		9D2E181C2C2C3B450089AE5C /* TrailerView.swift */ = {isa = PBXFileReference; lastKnownFileType = sourcecode.swift; path = TrailerView.swift; sourceTree = "<group>"; };
		9D2E181E2C2C40530089AE5C /* TrailerViewModel.swift */ = {isa = PBXFileReference; lastKnownFileType = sourcecode.swift; path = TrailerViewModel.swift; sourceTree = "<group>"; };
		9D2E18212C2C44C20089AE5C /* WebView.swift */ = {isa = PBXFileReference; lastKnownFileType = sourcecode.swift; path = WebView.swift; sourceTree = "<group>"; };
		9D2E18252C2C59840089AE5C /* ErrorView.swift */ = {isa = PBXFileReference; lastKnownFileType = sourcecode.swift; path = ErrorView.swift; sourceTree = "<group>"; };
		9D2E18272C2C9FFA0089AE5C /* ShareSheetView.swift */ = {isa = PBXFileReference; lastKnownFileType = sourcecode.swift; path = ShareSheetView.swift; sourceTree = "<group>"; };
		9D2E182C2C2D5FF30089AE5C /* MovieAppManager.swift */ = {isa = PBXFileReference; lastKnownFileType = sourcecode.swift; path = MovieAppManager.swift; sourceTree = "<group>"; };
		9D2E182E2C2D6B760089AE5C /* MainViewModelTests.swift */ = {isa = PBXFileReference; lastKnownFileType = sourcecode.swift; path = MainViewModelTests.swift; sourceTree = "<group>"; };
		9D2E18302C2D85FB0089AE5C /* MovieDetailsViewTests.swift */ = {isa = PBXFileReference; lastKnownFileType = sourcecode.swift; path = MovieDetailsViewTests.swift; sourceTree = "<group>"; };
		9D2E18322C2D8D6D0089AE5C /* TrailerViewModelTests.swift */ = {isa = PBXFileReference; lastKnownFileType = sourcecode.swift; path = TrailerViewModelTests.swift; sourceTree = "<group>"; };
		9D2E18342C2D90540089AE5C /* FetchMoviesProtocolTests.swift */ = {isa = PBXFileReference; lastKnownFileType = sourcecode.swift; path = FetchMoviesProtocolTests.swift; sourceTree = "<group>"; };
		9D2E18362C2D9D020089AE5C /* GetTrailerProtocolTests.swift */ = {isa = PBXFileReference; lastKnownFileType = sourcecode.swift; path = GetTrailerProtocolTests.swift; sourceTree = "<group>"; };
		9D2E18382C2D9EA90089AE5C /* NetworkManagerTests.swift */ = {isa = PBXFileReference; lastKnownFileType = sourcecode.swift; path = NetworkManagerTests.swift; sourceTree = "<group>"; };
		9D2E183A2C2DA07F0089AE5C /* URLSessionProtocol.swift */ = {isa = PBXFileReference; lastKnownFileType = sourcecode.swift; path = URLSessionProtocol.swift; sourceTree = "<group>"; };
		9D2E183C2C2DA5510089AE5C /* FetchMoviesProtocol.swift */ = {isa = PBXFileReference; lastKnownFileType = sourcecode.swift; path = FetchMoviesProtocol.swift; sourceTree = "<group>"; };
		9D2E183E2C2DA57D0089AE5C /* GetTrailerProtocol.swift */ = {isa = PBXFileReference; lastKnownFileType = sourcecode.swift; path = GetTrailerProtocol.swift; sourceTree = "<group>"; };
/* End PBXFileReference section */

/* Begin PBXFrameworksBuildPhase section */
		9D2749FA2C2AC43F005FF14E /* Frameworks */ = {
			isa = PBXFrameworksBuildPhase;
			buildActionMask = 2147483647;
			files = (
				9D2E180B2C2AECF40089AE5C /* Kingfisher in Frameworks */,
			);
			runOnlyForDeploymentPostprocessing = 0;
		};
		9D274A0A2C2AC440005FF14E /* Frameworks */ = {
			isa = PBXFrameworksBuildPhase;
			buildActionMask = 2147483647;
			files = (
			);
			runOnlyForDeploymentPostprocessing = 0;
		};
		9D274A142C2AC440005FF14E /* Frameworks */ = {
			isa = PBXFrameworksBuildPhase;
			buildActionMask = 2147483647;
			files = (
			);
			runOnlyForDeploymentPostprocessing = 0;
		};
/* End PBXFrameworksBuildPhase section */

/* Begin PBXGroup section */
		9D2749F42C2AC43F005FF14E = {
			isa = PBXGroup;
			children = (
				9D2749FF2C2AC43F005FF14E /* MovieAppSwiftUI */,
				9D274A102C2AC440005FF14E /* MovieAppSwiftUITests */,
				9D274A1A2C2AC440005FF14E /* MovieAppSwiftUIUITests */,
				9D2749FE2C2AC43F005FF14E /* Products */,
			);
			sourceTree = "<group>";
		};
		9D2749FE2C2AC43F005FF14E /* Products */ = {
			isa = PBXGroup;
			children = (
				9D2749FD2C2AC43F005FF14E /* MovieAppSwiftUI.app */,
				9D274A0D2C2AC440005FF14E /* MovieAppSwiftUITests.xctest */,
				9D274A172C2AC440005FF14E /* MovieAppSwiftUIUITests.xctest */,
			);
			name = Products;
			sourceTree = "<group>";
		};
		9D2749FF2C2AC43F005FF14E /* MovieAppSwiftUI */ = {
			isa = PBXGroup;
			children = (
				9D274A002C2AC43F005FF14E /* MovieAppSwiftUIApp.swift */,
				9D274A042C2AC440005FF14E /* Assets.xcassets */,
				9D274A062C2AC440005FF14E /* Preview Content */,
				9D2E182B2C2D5FD60089AE5C /* MovieAppManager */,
				9D2E180C2C2AEE5B0089AE5C /* Utils */,
				9D274A302C2AC5F1005FF14E /* Models */,
				9D274A2D2C2AC4C8005FF14E /* NetworkManager */,
				9D274A2A2C2AC4A4005FF14E /* AppConstants */,
				9D2E18072C2AE3580089AE5C /* Views */,
			);
			path = MovieAppSwiftUI;
			sourceTree = "<group>";
		};
		9D274A062C2AC440005FF14E /* Preview Content */ = {
			isa = PBXGroup;
			children = (
				9D274A072C2AC440005FF14E /* Preview Assets.xcassets */,
			);
			path = "Preview Content";
			sourceTree = "<group>";
		};
		9D274A102C2AC440005FF14E /* MovieAppSwiftUITests */ = {
			isa = PBXGroup;
			children = (
				9D2E18342C2D90540089AE5C /* FetchMoviesProtocolTests.swift */,
				9D2E18362C2D9D020089AE5C /* GetTrailerProtocolTests.swift */,
				9D2E18382C2D9EA90089AE5C /* NetworkManagerTests.swift */,
				9D2E182E2C2D6B760089AE5C /* MainViewModelTests.swift */,
				9D2E18302C2D85FB0089AE5C /* MovieDetailsViewTests.swift */,
				9D2E18322C2D8D6D0089AE5C /* TrailerViewModelTests.swift */,
			);
			path = MovieAppSwiftUITests;
			sourceTree = "<group>";
		};
		9D274A1A2C2AC440005FF14E /* MovieAppSwiftUIUITests */ = {
			isa = PBXGroup;
			children = (
				9D274A1B2C2AC440005FF14E /* MovieAppSwiftUIUITests.swift */,
				9D274A1D2C2AC440005FF14E /* MovieAppSwiftUIUITestsLaunchTests.swift */,
			);
			path = MovieAppSwiftUIUITests;
			sourceTree = "<group>";
		};
		9D274A2A2C2AC4A4005FF14E /* AppConstants */ = {
			isa = PBXGroup;
			children = (
				9D274A2B2C2AC4B1005FF14E /* AppConstants.swift */,
			);
			path = AppConstants;
			sourceTree = "<group>";
		};
		9D274A2D2C2AC4C8005FF14E /* NetworkManager */ = {
			isa = PBXGroup;
			children = (
				9D274A2E2C2AC4DF005FF14E /* NetworkManager.swift */,
				9D2E183C2C2DA5510089AE5C /* FetchMoviesProtocol.swift */,
				9D2E183E2C2DA57D0089AE5C /* GetTrailerProtocol.swift */,
				9D2E183A2C2DA07F0089AE5C /* URLSessionProtocol.swift */,
			);
			path = NetworkManager;
			sourceTree = "<group>";
		};
		9D274A302C2AC5F1005FF14E /* Models */ = {
			isa = PBXGroup;
			children = (
				9D274A312C2AC604005FF14E /* MovieData.swift */,
				9D274A332C2AC624005FF14E /* VideoData.swift */,
				9D274A352C2AC646005FF14E /* OptionsSelection.swift */,
			);
			path = Models;
			sourceTree = "<group>";
		};
		9D2E18062C2AE3240089AE5C /* MainView */ = {
			isa = PBXGroup;
			children = (
				9D2E18022C2AE1770089AE5C /* MainView.swift */,
				9D2E18192C2C381E0089AE5C /* ViewModel */,
				9D2E18082C2AE37D0089AE5C /* CustomViews */,
			);
			path = MainView;
			sourceTree = "<group>";
		};
		9D2E18072C2AE3580089AE5C /* Views */ = {
			isa = PBXGroup;
			children = (
				9D2E18062C2AE3240089AE5C /* MainView */,
				9D2E18152C2B2E560089AE5C /* MovieDetailsView */,
				9D2E181B2C2C3B290089AE5C /* TrailerView */,
				9D2E18242C2C596B0089AE5C /* ErrorView */,
				9D2E18232C2C44C70089AE5C /* HelperViews */,
			);
			path = Views;
			sourceTree = "<group>";
		};
		9D2E18082C2AE37D0089AE5C /* CustomViews */ = {
			isa = PBXGroup;
			children = (
				9D274A382C2ACB25005FF14E /* SuggestedView.swift */,
				9D2E180F2C2AF1430089AE5C /* SingleMovieView.swift */,
			);
			path = CustomViews;
			sourceTree = "<group>";
		};
		9D2E180C2C2AEE5B0089AE5C /* Utils */ = {
			isa = PBXGroup;
			children = (
				9D2E180D2C2AEE760089AE5C /* Utils.swift */,
			);
			path = Utils;
			sourceTree = "<group>";
		};
		9D2E18152C2B2E560089AE5C /* MovieDetailsView */ = {
			isa = PBXGroup;
			children = (
				9D2E18112C2B2A4D0089AE5C /* MovieDetailsView.swift */,
				9D2E181A2C2C38320089AE5C /* ViewModel */,
				9D2E18162C2B2E710089AE5C /* CustomViews */,
			);
			path = MovieDetailsView;
			sourceTree = "<group>";
		};
		9D2E18162C2B2E710089AE5C /* CustomViews */ = {
			isa = PBXGroup;
			children = (
				9D2E18172C2B2E920089AE5C /* SingleDetailView.swift */,
			);
			path = CustomViews;
			sourceTree = "<group>";
		};
		9D2E18192C2C381E0089AE5C /* ViewModel */ = {
			isa = PBXGroup;
			children = (
				9D2E18042C2AE31A0089AE5C /* MainViewModel.swift */,
			);
			path = ViewModel;
			sourceTree = "<group>";
		};
		9D2E181A2C2C38320089AE5C /* ViewModel */ = {
			isa = PBXGroup;
			children = (
				9D2E18132C2B2BE40089AE5C /* MovieDetailsViewModel.swift */,
			);
			path = ViewModel;
			sourceTree = "<group>";
		};
		9D2E181B2C2C3B290089AE5C /* TrailerView */ = {
			isa = PBXGroup;
			children = (
				9D2E181C2C2C3B450089AE5C /* TrailerView.swift */,
				9D2E18202C2C40580089AE5C /* TrailerViewModel */,
			);
			path = TrailerView;
			sourceTree = "<group>";
		};
		9D2E18202C2C40580089AE5C /* TrailerViewModel */ = {
			isa = PBXGroup;
			children = (
				9D2E181E2C2C40530089AE5C /* TrailerViewModel.swift */,
			);
			path = TrailerViewModel;
			sourceTree = "<group>";
		};
		9D2E18232C2C44C70089AE5C /* HelperViews */ = {
			isa = PBXGroup;
			children = (
				9D2E18212C2C44C20089AE5C /* WebView.swift */,
				9D2E18272C2C9FFA0089AE5C /* ShareSheetView.swift */,
			);
			path = HelperViews;
			sourceTree = "<group>";
		};
		9D2E18242C2C596B0089AE5C /* ErrorView */ = {
			isa = PBXGroup;
			children = (
				9D2E18252C2C59840089AE5C /* ErrorView.swift */,
			);
			path = ErrorView;
			sourceTree = "<group>";
		};
		9D2E182B2C2D5FD60089AE5C /* MovieAppManager */ = {
			isa = PBXGroup;
			children = (
				9D2E182C2C2D5FF30089AE5C /* MovieAppManager.swift */,
			);
			path = MovieAppManager;
			sourceTree = "<group>";
		};
/* End PBXGroup section */

/* Begin PBXNativeTarget section */
		9D2749FC2C2AC43F005FF14E /* MovieAppSwiftUI */ = {
			isa = PBXNativeTarget;
			buildConfigurationList = 9D274A212C2AC440005FF14E /* Build configuration list for PBXNativeTarget "MovieAppSwiftUI" */;
			buildPhases = (
				9D2749F92C2AC43F005FF14E /* Sources */,
				9D2749FA2C2AC43F005FF14E /* Frameworks */,
				9D2749FB2C2AC43F005FF14E /* Resources */,
			);
			buildRules = (
			);
			dependencies = (
			);
			name = MovieAppSwiftUI;
			packageProductDependencies = (
				9D2E180A2C2AECF40089AE5C /* Kingfisher */,
			);
			productName = MovieAppSwiftUI;
			productReference = 9D2749FD2C2AC43F005FF14E /* MovieAppSwiftUI.app */;
			productType = "com.apple.product-type.application";
		};
		9D274A0C2C2AC440005FF14E /* MovieAppSwiftUITests */ = {
			isa = PBXNativeTarget;
			buildConfigurationList = 9D274A242C2AC440005FF14E /* Build configuration list for PBXNativeTarget "MovieAppSwiftUITests" */;
			buildPhases = (
				9D274A092C2AC440005FF14E /* Sources */,
				9D274A0A2C2AC440005FF14E /* Frameworks */,
				9D274A0B2C2AC440005FF14E /* Resources */,
			);
			buildRules = (
			);
			dependencies = (
				9D274A0F2C2AC440005FF14E /* PBXTargetDependency */,
			);
			name = MovieAppSwiftUITests;
			productName = MovieAppSwiftUITests;
			productReference = 9D274A0D2C2AC440005FF14E /* MovieAppSwiftUITests.xctest */;
			productType = "com.apple.product-type.bundle.unit-test";
		};
		9D274A162C2AC440005FF14E /* MovieAppSwiftUIUITests */ = {
			isa = PBXNativeTarget;
			buildConfigurationList = 9D274A272C2AC440005FF14E /* Build configuration list for PBXNativeTarget "MovieAppSwiftUIUITests" */;
			buildPhases = (
				9D274A132C2AC440005FF14E /* Sources */,
				9D274A142C2AC440005FF14E /* Frameworks */,
				9D274A152C2AC440005FF14E /* Resources */,
			);
			buildRules = (
			);
			dependencies = (
				9D274A192C2AC440005FF14E /* PBXTargetDependency */,
			);
			name = MovieAppSwiftUIUITests;
			productName = MovieAppSwiftUIUITests;
			productReference = 9D274A172C2AC440005FF14E /* MovieAppSwiftUIUITests.xctest */;
			productType = "com.apple.product-type.bundle.ui-testing";
		};
/* End PBXNativeTarget section */

/* Begin PBXProject section */
		9D2749F52C2AC43F005FF14E /* Project object */ = {
			isa = PBXProject;
			attributes = {
				BuildIndependentTargetsInParallel = 1;
				LastSwiftUpdateCheck = 1520;
				LastUpgradeCheck = 1520;
				TargetAttributes = {
					9D2749FC2C2AC43F005FF14E = {
						CreatedOnToolsVersion = 15.2;
					};
					9D274A0C2C2AC440005FF14E = {
						CreatedOnToolsVersion = 15.2;
						TestTargetID = 9D2749FC2C2AC43F005FF14E;
					};
					9D274A162C2AC440005FF14E = {
						CreatedOnToolsVersion = 15.2;
						TestTargetID = 9D2749FC2C2AC43F005FF14E;
					};
				};
			};
			buildConfigurationList = 9D2749F82C2AC43F005FF14E /* Build configuration list for PBXProject "MovieAppSwiftUI" */;
			compatibilityVersion = "Xcode 14.0";
			developmentRegion = en;
			hasScannedForEncodings = 0;
			knownRegions = (
				en,
				Base,
			);
			mainGroup = 9D2749F42C2AC43F005FF14E;
			packageReferences = (
				9D2E18092C2AECF40089AE5C /* XCRemoteSwiftPackageReference "Kingfisher" */,
			);
			productRefGroup = 9D2749FE2C2AC43F005FF14E /* Products */;
			projectDirPath = "";
			projectRoot = "";
			targets = (
				9D2749FC2C2AC43F005FF14E /* MovieAppSwiftUI */,
				9D274A0C2C2AC440005FF14E /* MovieAppSwiftUITests */,
				9D274A162C2AC440005FF14E /* MovieAppSwiftUIUITests */,
			);
		};
/* End PBXProject section */

/* Begin PBXResourcesBuildPhase section */
		9D2749FB2C2AC43F005FF14E /* Resources */ = {
			isa = PBXResourcesBuildPhase;
			buildActionMask = 2147483647;
			files = (
				9D274A082C2AC440005FF14E /* Preview Assets.xcassets in Resources */,
				9D274A052C2AC440005FF14E /* Assets.xcassets in Resources */,
			);
			runOnlyForDeploymentPostprocessing = 0;
		};
		9D274A0B2C2AC440005FF14E /* Resources */ = {
			isa = PBXResourcesBuildPhase;
			buildActionMask = 2147483647;
			files = (
			);
			runOnlyForDeploymentPostprocessing = 0;
		};
		9D274A152C2AC440005FF14E /* Resources */ = {
			isa = PBXResourcesBuildPhase;
			buildActionMask = 2147483647;
			files = (
			);
			runOnlyForDeploymentPostprocessing = 0;
		};
/* End PBXResourcesBuildPhase section */

/* Begin PBXSourcesBuildPhase section */
		9D2749F92C2AC43F005FF14E /* Sources */ = {
			isa = PBXSourcesBuildPhase;
			buildActionMask = 2147483647;
			files = (
				9D2E183B2C2DA07F0089AE5C /* URLSessionProtocol.swift in Sources */,
				9D2E181F2C2C40530089AE5C /* TrailerViewModel.swift in Sources */,
				9D274A2F2C2AC4DF005FF14E /* NetworkManager.swift in Sources */,
				9D2E18032C2AE1770089AE5C /* MainView.swift in Sources */,
				9D274A362C2AC646005FF14E /* OptionsSelection.swift in Sources */,
				9D2E18182C2B2E920089AE5C /* SingleDetailView.swift in Sources */,
				9D274A2C2C2AC4B1005FF14E /* AppConstants.swift in Sources */,
				9D2E181D2C2C3B450089AE5C /* TrailerView.swift in Sources */,
				9D2E18262C2C59840089AE5C /* ErrorView.swift in Sources */,
				9D274A392C2ACB25005FF14E /* SuggestedView.swift in Sources */,
				9D2E180E2C2AEE760089AE5C /* Utils.swift in Sources */,
				9D2E18282C2C9FFA0089AE5C /* ShareSheetView.swift in Sources */,
				9D2E18122C2B2A4D0089AE5C /* MovieDetailsView.swift in Sources */,
				9D274A322C2AC604005FF14E /* MovieData.swift in Sources */,
				9D2E18222C2C44C20089AE5C /* WebView.swift in Sources */,
				9D2E183F2C2DA57D0089AE5C /* GetTrailerProtocol.swift in Sources */,
				9D2E183D2C2DA5510089AE5C /* FetchMoviesProtocol.swift in Sources */,
				9D2E18142C2B2BE40089AE5C /* MovieDetailsViewModel.swift in Sources */,
				9D274A012C2AC43F005FF14E /* MovieAppSwiftUIApp.swift in Sources */,
				9D2E182D2C2D5FF30089AE5C /* MovieAppManager.swift in Sources */,
				9D274A342C2AC624005FF14E /* VideoData.swift in Sources */,
				9D2E18102C2AF1430089AE5C /* SingleMovieView.swift in Sources */,
				9D2E18052C2AE31A0089AE5C /* MainViewModel.swift in Sources */,
			);
			runOnlyForDeploymentPostprocessing = 0;
		};
		9D274A092C2AC440005FF14E /* Sources */ = {
			isa = PBXSourcesBuildPhase;
			buildActionMask = 2147483647;
			files = (
				9D2E18392C2D9EA90089AE5C /* NetworkManagerTests.swift in Sources */,
				9D2E18372C2D9D020089AE5C /* GetTrailerProtocolTests.swift in Sources */,
				9D2E18352C2D90540089AE5C /* FetchMoviesProtocolTests.swift in Sources */,
				9D2E18332C2D8D6D0089AE5C /* TrailerViewModelTests.swift in Sources */,
				9D2E182F2C2D6B760089AE5C /* MainViewModelTests.swift in Sources */,
				9D2E18312C2D85FB0089AE5C /* MovieDetailsViewTests.swift in Sources */,
			);
			runOnlyForDeploymentPostprocessing = 0;
		};
		9D274A132C2AC440005FF14E /* Sources */ = {
			isa = PBXSourcesBuildPhase;
			buildActionMask = 2147483647;
			files = (
				9D274A1C2C2AC440005FF14E /* MovieAppSwiftUIUITests.swift in Sources */,
				9D274A1E2C2AC440005FF14E /* MovieAppSwiftUIUITestsLaunchTests.swift in Sources */,
			);
			runOnlyForDeploymentPostprocessing = 0;
		};
/* End PBXSourcesBuildPhase section */

/* Begin PBXTargetDependency section */
		9D274A0F2C2AC440005FF14E /* PBXTargetDependency */ = {
			isa = PBXTargetDependency;
			target = 9D2749FC2C2AC43F005FF14E /* MovieAppSwiftUI */;
			targetProxy = 9D274A0E2C2AC440005FF14E /* PBXContainerItemProxy */;
		};
		9D274A192C2AC440005FF14E /* PBXTargetDependency */ = {
			isa = PBXTargetDependency;
			target = 9D2749FC2C2AC43F005FF14E /* MovieAppSwiftUI */;
			targetProxy = 9D274A182C2AC440005FF14E /* PBXContainerItemProxy */;
		};
/* End PBXTargetDependency section */

/* Begin XCBuildConfiguration section */
		9D274A1F2C2AC440005FF14E /* Debug */ = {
			isa = XCBuildConfiguration;
			buildSettings = {
				ALWAYS_SEARCH_USER_PATHS = NO;
				ASSETCATALOG_COMPILER_GENERATE_SWIFT_ASSET_SYMBOL_EXTENSIONS = YES;
				CLANG_ANALYZER_NONNULL = YES;
				CLANG_ANALYZER_NUMBER_OBJECT_CONVERSION = YES_AGGRESSIVE;
				CLANG_CXX_LANGUAGE_STANDARD = "gnu++20";
				CLANG_ENABLE_MODULES = YES;
				CLANG_ENABLE_OBJC_ARC = YES;
				CLANG_ENABLE_OBJC_WEAK = YES;
				CLANG_WARN_BLOCK_CAPTURE_AUTORELEASING = YES;
				CLANG_WARN_BOOL_CONVERSION = YES;
				CLANG_WARN_COMMA = YES;
				CLANG_WARN_CONSTANT_CONVERSION = YES;
				CLANG_WARN_DEPRECATED_OBJC_IMPLEMENTATIONS = YES;
				CLANG_WARN_DIRECT_OBJC_ISA_USAGE = YES_ERROR;
				CLANG_WARN_DOCUMENTATION_COMMENTS = YES;
				CLANG_WARN_EMPTY_BODY = YES;
				CLANG_WARN_ENUM_CONVERSION = YES;
				CLANG_WARN_INFINITE_RECURSION = YES;
				CLANG_WARN_INT_CONVERSION = YES;
				CLANG_WARN_NON_LITERAL_NULL_CONVERSION = YES;
				CLANG_WARN_OBJC_IMPLICIT_RETAIN_SELF = YES;
				CLANG_WARN_OBJC_LITERAL_CONVERSION = YES;
				CLANG_WARN_OBJC_ROOT_CLASS = YES_ERROR;
				CLANG_WARN_QUOTED_INCLUDE_IN_FRAMEWORK_HEADER = YES;
				CLANG_WARN_RANGE_LOOP_ANALYSIS = YES;
				CLANG_WARN_STRICT_PROTOTYPES = YES;
				CLANG_WARN_SUSPICIOUS_MOVE = YES;
				CLANG_WARN_UNGUARDED_AVAILABILITY = YES_AGGRESSIVE;
				CLANG_WARN_UNREACHABLE_CODE = YES;
				CLANG_WARN__DUPLICATE_METHOD_MATCH = YES;
				COPY_PHASE_STRIP = NO;
				DEBUG_INFORMATION_FORMAT = dwarf;
				ENABLE_STRICT_OBJC_MSGSEND = YES;
				ENABLE_TESTABILITY = YES;
				ENABLE_USER_SCRIPT_SANDBOXING = YES;
				GCC_C_LANGUAGE_STANDARD = gnu17;
				GCC_DYNAMIC_NO_PIC = NO;
				GCC_NO_COMMON_BLOCKS = YES;
				GCC_OPTIMIZATION_LEVEL = 0;
				GCC_PREPROCESSOR_DEFINITIONS = (
					"DEBUG=1",
					"$(inherited)",
				);
				GCC_WARN_64_TO_32_BIT_CONVERSION = YES;
				GCC_WARN_ABOUT_RETURN_TYPE = YES_ERROR;
				GCC_WARN_UNDECLARED_SELECTOR = YES;
				GCC_WARN_UNINITIALIZED_AUTOS = YES_AGGRESSIVE;
				GCC_WARN_UNUSED_FUNCTION = YES;
				GCC_WARN_UNUSED_VARIABLE = YES;
				IPHONEOS_DEPLOYMENT_TARGET = 17.2;
				LOCALIZATION_PREFERS_STRING_CATALOGS = YES;
				MTL_ENABLE_DEBUG_INFO = INCLUDE_SOURCE;
				MTL_FAST_MATH = YES;
				ONLY_ACTIVE_ARCH = YES;
				SDKROOT = iphoneos;
				SWIFT_ACTIVE_COMPILATION_CONDITIONS = "DEBUG $(inherited)";
				SWIFT_OPTIMIZATION_LEVEL = "-Onone";
			};
			name = Debug;
		};
		9D274A202C2AC440005FF14E /* Release */ = {
			isa = XCBuildConfiguration;
			buildSettings = {
				ALWAYS_SEARCH_USER_PATHS = NO;
				ASSETCATALOG_COMPILER_GENERATE_SWIFT_ASSET_SYMBOL_EXTENSIONS = YES;
				CLANG_ANALYZER_NONNULL = YES;
				CLANG_ANALYZER_NUMBER_OBJECT_CONVERSION = YES_AGGRESSIVE;
				CLANG_CXX_LANGUAGE_STANDARD = "gnu++20";
				CLANG_ENABLE_MODULES = YES;
				CLANG_ENABLE_OBJC_ARC = YES;
				CLANG_ENABLE_OBJC_WEAK = YES;
				CLANG_WARN_BLOCK_CAPTURE_AUTORELEASING = YES;
				CLANG_WARN_BOOL_CONVERSION = YES;
				CLANG_WARN_COMMA = YES;
				CLANG_WARN_CONSTANT_CONVERSION = YES;
				CLANG_WARN_DEPRECATED_OBJC_IMPLEMENTATIONS = YES;
				CLANG_WARN_DIRECT_OBJC_ISA_USAGE = YES_ERROR;
				CLANG_WARN_DOCUMENTATION_COMMENTS = YES;
				CLANG_WARN_EMPTY_BODY = YES;
				CLANG_WARN_ENUM_CONVERSION = YES;
				CLANG_WARN_INFINITE_RECURSION = YES;
				CLANG_WARN_INT_CONVERSION = YES;
				CLANG_WARN_NON_LITERAL_NULL_CONVERSION = YES;
				CLANG_WARN_OBJC_IMPLICIT_RETAIN_SELF = YES;
				CLANG_WARN_OBJC_LITERAL_CONVERSION = YES;
				CLANG_WARN_OBJC_ROOT_CLASS = YES_ERROR;
				CLANG_WARN_QUOTED_INCLUDE_IN_FRAMEWORK_HEADER = YES;
				CLANG_WARN_RANGE_LOOP_ANALYSIS = YES;
				CLANG_WARN_STRICT_PROTOTYPES = YES;
				CLANG_WARN_SUSPICIOUS_MOVE = YES;
				CLANG_WARN_UNGUARDED_AVAILABILITY = YES_AGGRESSIVE;
				CLANG_WARN_UNREACHABLE_CODE = YES;
				CLANG_WARN__DUPLICATE_METHOD_MATCH = YES;
				COPY_PHASE_STRIP = NO;
				DEBUG_INFORMATION_FORMAT = "dwarf-with-dsym";
				ENABLE_NS_ASSERTIONS = NO;
				ENABLE_STRICT_OBJC_MSGSEND = YES;
				ENABLE_USER_SCRIPT_SANDBOXING = YES;
				GCC_C_LANGUAGE_STANDARD = gnu17;
				GCC_NO_COMMON_BLOCKS = YES;
				GCC_WARN_64_TO_32_BIT_CONVERSION = YES;
				GCC_WARN_ABOUT_RETURN_TYPE = YES_ERROR;
				GCC_WARN_UNDECLARED_SELECTOR = YES;
				GCC_WARN_UNINITIALIZED_AUTOS = YES_AGGRESSIVE;
				GCC_WARN_UNUSED_FUNCTION = YES;
				GCC_WARN_UNUSED_VARIABLE = YES;
				IPHONEOS_DEPLOYMENT_TARGET = 17.2;
				LOCALIZATION_PREFERS_STRING_CATALOGS = YES;
				MTL_ENABLE_DEBUG_INFO = NO;
				MTL_FAST_MATH = YES;
				SDKROOT = iphoneos;
				SWIFT_COMPILATION_MODE = wholemodule;
				VALIDATE_PRODUCT = YES;
			};
			name = Release;
		};
		9D274A222C2AC440005FF14E /* Debug */ = {
			isa = XCBuildConfiguration;
			buildSettings = {
				ASSETCATALOG_COMPILER_APPICON_NAME = AppIcon;
				ASSETCATALOG_COMPILER_GLOBAL_ACCENT_COLOR_NAME = AccentColor;
				CODE_SIGN_STYLE = Automatic;
				CURRENT_PROJECT_VERSION = 1;
				DEVELOPMENT_ASSET_PATHS = "\"MovieAppSwiftUI/Preview Content\"";
				DEVELOPMENT_TEAM = S5NDZSNAZM;
				ENABLE_PREVIEWS = YES;
				GENERATE_INFOPLIST_FILE = YES;
				INFOPLIST_KEY_UIApplicationSceneManifest_Generation = YES;
				INFOPLIST_KEY_UIApplicationSupportsIndirectInputEvents = YES;
				INFOPLIST_KEY_UILaunchScreen_Generation = YES;
				INFOPLIST_KEY_UISupportedInterfaceOrientations_iPad = "UIInterfaceOrientationPortrait UIInterfaceOrientationPortraitUpsideDown UIInterfaceOrientationLandscapeLeft UIInterfaceOrientationLandscapeRight";
				INFOPLIST_KEY_UISupportedInterfaceOrientations_iPhone = "UIInterfaceOrientationPortrait UIInterfaceOrientationLandscapeLeft UIInterfaceOrientationLandscapeRight";
				IPHONEOS_DEPLOYMENT_TARGET = 16.0;
				LD_RUNPATH_SEARCH_PATHS = (
					"$(inherited)",
					"@executable_path/Frameworks",
				);
				MARKETING_VERSION = 1.0;
				PRODUCT_BUNDLE_IDENTIFIER = co.il.MovieAppSwiftUI;
				PRODUCT_NAME = "$(TARGET_NAME)";
				SWIFT_EMIT_LOC_STRINGS = YES;
				SWIFT_VERSION = 5.0;
				TARGETED_DEVICE_FAMILY = "1,2";
			};
			name = Debug;
		};
		9D274A232C2AC440005FF14E /* Release */ = {
			isa = XCBuildConfiguration;
			buildSettings = {
				ASSETCATALOG_COMPILER_APPICON_NAME = AppIcon;
				ASSETCATALOG_COMPILER_GLOBAL_ACCENT_COLOR_NAME = AccentColor;
				CODE_SIGN_STYLE = Automatic;
				CURRENT_PROJECT_VERSION = 1;
				DEVELOPMENT_ASSET_PATHS = "\"MovieAppSwiftUI/Preview Content\"";
				DEVELOPMENT_TEAM = S5NDZSNAZM;
				ENABLE_PREVIEWS = YES;
				GENERATE_INFOPLIST_FILE = YES;
				INFOPLIST_KEY_UIApplicationSceneManifest_Generation = YES;
				INFOPLIST_KEY_UIApplicationSupportsIndirectInputEvents = YES;
				INFOPLIST_KEY_UILaunchScreen_Generation = YES;
				INFOPLIST_KEY_UISupportedInterfaceOrientations_iPad = "UIInterfaceOrientationPortrait UIInterfaceOrientationPortraitUpsideDown UIInterfaceOrientationLandscapeLeft UIInterfaceOrientationLandscapeRight";
				INFOPLIST_KEY_UISupportedInterfaceOrientations_iPhone = "UIInterfaceOrientationPortrait UIInterfaceOrientationLandscapeLeft UIInterfaceOrientationLandscapeRight";
				IPHONEOS_DEPLOYMENT_TARGET = 16.0;
				LD_RUNPATH_SEARCH_PATHS = (
					"$(inherited)",
					"@executable_path/Frameworks",
				);
				MARKETING_VERSION = 1.0;
				PRODUCT_BUNDLE_IDENTIFIER = co.il.MovieAppSwiftUI;
				PRODUCT_NAME = "$(TARGET_NAME)";
				SWIFT_EMIT_LOC_STRINGS = YES;
				SWIFT_VERSION = 5.0;
				TARGETED_DEVICE_FAMILY = "1,2";
			};
			name = Release;
		};
		9D274A252C2AC440005FF14E /* Debug */ = {
			isa = XCBuildConfiguration;
			buildSettings = {
				ALWAYS_EMBED_SWIFT_STANDARD_LIBRARIES = YES;
				BUNDLE_LOADER = "$(TEST_HOST)";
				CODE_SIGN_STYLE = Automatic;
				CURRENT_PROJECT_VERSION = 1;
				DEVELOPMENT_TEAM = S5NDZSNAZM;
				GENERATE_INFOPLIST_FILE = YES;
				IPHONEOS_DEPLOYMENT_TARGET = 16.0;
				MARKETING_VERSION = 1.0;
				PRODUCT_BUNDLE_IDENTIFIER = co.il.MovieAppSwiftUITests;
				PRODUCT_NAME = "$(TARGET_NAME)";
				SWIFT_EMIT_LOC_STRINGS = NO;
				SWIFT_VERSION = 5.0;
				TARGETED_DEVICE_FAMILY = "1,2";
				TEST_HOST = "$(BUILT_PRODUCTS_DIR)/MovieAppSwiftUI.app/$(BUNDLE_EXECUTABLE_FOLDER_PATH)/MovieAppSwiftUI";
			};
			name = Debug;
		};
		9D274A262C2AC440005FF14E /* Release */ = {
			isa = XCBuildConfiguration;
			buildSettings = {
				ALWAYS_EMBED_SWIFT_STANDARD_LIBRARIES = YES;
				BUNDLE_LOADER = "$(TEST_HOST)";
				CODE_SIGN_STYLE = Automatic;
				CURRENT_PROJECT_VERSION = 1;
				DEVELOPMENT_TEAM = S5NDZSNAZM;
				GENERATE_INFOPLIST_FILE = YES;
				IPHONEOS_DEPLOYMENT_TARGET = 16.0;
				MARKETING_VERSION = 1.0;
				PRODUCT_BUNDLE_IDENTIFIER = co.il.MovieAppSwiftUITests;
				PRODUCT_NAME = "$(TARGET_NAME)";
				SWIFT_EMIT_LOC_STRINGS = NO;
				SWIFT_VERSION = 5.0;
				TARGETED_DEVICE_FAMILY = "1,2";
				TEST_HOST = "$(BUILT_PRODUCTS_DIR)/MovieAppSwiftUI.app/$(BUNDLE_EXECUTABLE_FOLDER_PATH)/MovieAppSwiftUI";
			};
			name = Release;
		};
		9D274A282C2AC440005FF14E /* Debug */ = {
			isa = XCBuildConfiguration;
			buildSettings = {
				ALWAYS_EMBED_SWIFT_STANDARD_LIBRARIES = YES;
				CODE_SIGN_STYLE = Automatic;
				CURRENT_PROJECT_VERSION = 1;
				DEVELOPMENT_TEAM = S5NDZSNAZM;
				GENERATE_INFOPLIST_FILE = YES;
				MARKETING_VERSION = 1.0;
				PRODUCT_BUNDLE_IDENTIFIER = co.il.MovieAppSwiftUIUITests;
				PRODUCT_NAME = "$(TARGET_NAME)";
				SWIFT_EMIT_LOC_STRINGS = NO;
				SWIFT_VERSION = 5.0;
				TARGETED_DEVICE_FAMILY = "1,2";
				TEST_TARGET_NAME = MovieAppSwiftUI;
			};
			name = Debug;
		};
		9D274A292C2AC440005FF14E /* Release */ = {
			isa = XCBuildConfiguration;
			buildSettings = {
				ALWAYS_EMBED_SWIFT_STANDARD_LIBRARIES = YES;
				CODE_SIGN_STYLE = Automatic;
				CURRENT_PROJECT_VERSION = 1;
				DEVELOPMENT_TEAM = S5NDZSNAZM;
				GENERATE_INFOPLIST_FILE = YES;
				MARKETING_VERSION = 1.0;
				PRODUCT_BUNDLE_IDENTIFIER = co.il.MovieAppSwiftUIUITests;
				PRODUCT_NAME = "$(TARGET_NAME)";
				SWIFT_EMIT_LOC_STRINGS = NO;
				SWIFT_VERSION = 5.0;
				TARGETED_DEVICE_FAMILY = "1,2";
				TEST_TARGET_NAME = MovieAppSwiftUI;
			};
			name = Release;
		};
/* End XCBuildConfiguration section */

/* Begin XCConfigurationList section */
		9D2749F82C2AC43F005FF14E /* Build configuration list for PBXProject "MovieAppSwiftUI" */ = {
			isa = XCConfigurationList;
			buildConfigurations = (
				9D274A1F2C2AC440005FF14E /* Debug */,
				9D274A202C2AC440005FF14E /* Release */,
			);
			defaultConfigurationIsVisible = 0;
			defaultConfigurationName = Release;
		};
		9D274A212C2AC440005FF14E /* Build configuration list for PBXNativeTarget "MovieAppSwiftUI" */ = {
			isa = XCConfigurationList;
			buildConfigurations = (
				9D274A222C2AC440005FF14E /* Debug */,
				9D274A232C2AC440005FF14E /* Release */,
			);
			defaultConfigurationIsVisible = 0;
			defaultConfigurationName = Release;
		};
		9D274A242C2AC440005FF14E /* Build configuration list for PBXNativeTarget "MovieAppSwiftUITests" */ = {
			isa = XCConfigurationList;
			buildConfigurations = (
				9D274A252C2AC440005FF14E /* Debug */,
				9D274A262C2AC440005FF14E /* Release */,
			);
			defaultConfigurationIsVisible = 0;
			defaultConfigurationName = Release;
		};
		9D274A272C2AC440005FF14E /* Build configuration list for PBXNativeTarget "MovieAppSwiftUIUITests" */ = {
			isa = XCConfigurationList;
			buildConfigurations = (
				9D274A282C2AC440005FF14E /* Debug */,
				9D274A292C2AC440005FF14E /* Release */,
			);
			defaultConfigurationIsVisible = 0;
			defaultConfigurationName = Release;
		};
/* End XCConfigurationList section */

/* Begin XCRemoteSwiftPackageReference section */
		9D2E18092C2AECF40089AE5C /* XCRemoteSwiftPackageReference "Kingfisher" */ = {
			isa = XCRemoteSwiftPackageReference;
			repositoryURL = "https://github.com/onevcat/Kingfisher";
			requirement = {
				kind = upToNextMajorVersion;
				minimumVersion = 7.12.0;
			};
		};
/* End XCRemoteSwiftPackageReference section */

/* Begin XCSwiftPackageProductDependency section */
		9D2E180A2C2AECF40089AE5C /* Kingfisher */ = {
			isa = XCSwiftPackageProductDependency;
			package = 9D2E18092C2AECF40089AE5C /* XCRemoteSwiftPackageReference "Kingfisher" */;
			productName = Kingfisher;
		};
/* End XCSwiftPackageProductDependency section */
	};
	rootObject = 9D2749F52C2AC43F005FF14E /* Project object */;
}
